
Microsoft Visual Studio Solution File, Format Version 12.00
# Visual Studio Version 16
VisualStudioVersion = 16.0.31729.503
MinimumVisualStudioVersion = 10.0.40219.1
Project("{9A19103F-16F7-4668-BE54-9A1E7A4F7556}") = "GenericHostConsoleApp", "GenericHostConsoleApp.csproj", "{60B91A49-C44F-4D9F-BC5D-83F429A34651}"
EndProject
Global
	GlobalSection(SolutionConfigurationPlatforms) = preSolution
		Debug|Any CPU = Debug|Any CPU
		Release|Any CPU = Release|Any CPU
	EndGlobalSection
	GlobalSection(ProjectConfigurationPlatforms) = postSolution
		{60B91A49-C44F-4D9F-BC5D-83F429A34651}.Debug|Any CPU.ActiveCfg = Debug|Any CPU
		{60B91A49-C44F-4D9F-BC5D-83F429A34651}.Debug|Any CPU.Build.0 = Debug|Any CPU
		{60B91A49-C44F-4D9F-BC5D-83F429A34651}.Release|Any CPU.ActiveCfg = Release|Any CPU
		{60B91A49-C44F-4D9F-BC5D-83F429A34651}.Release|Any CPU.Build.0 = Release|Any CPU
	EndGlobalSection
	GlobalSection(SolutionProperties) = preSolution
		HideSolutionNode = FALSE
	EndGlobalSection
	GlobalSection(ExtensibilityGlobals) = postSolution
		SolutionGuid = {8F71531D-59CB-4154-878A-B38828040D32}
	EndGlobalSection
EndGlobal
